
Microsoft Visual Studio Solution File, Format Version 12.00
# Visual Studio Version 17
VisualStudioVersion = 17.0.32112.339
MinimumVisualStudioVersion = 10.0.40219.1
Project("{FAE04EC0-301F-11D3-BF4B-00C04F79EFBC}") = "Library Records", "Library Records\Library Records.csproj", "{E5CA0C04-0265-4E38-9B55-D088AD9E727D}"
EndProject
Global
	GlobalSection(SolutionConfigurationPlatforms) = preSolution
		Debug|Any CPU = Debug|Any CPU
		Release|Any CPU = Release|Any CPU
	EndGlobalSection
	GlobalSection(ProjectConfigurationPlatforms) = postSolution
		{E5CA0C04-0265-4E38-9B55-D088AD9E727D}.Debug|Any CPU.ActiveCfg = Debug|Any CPU
		{E5CA0C04-0265-4E38-9B55-D088AD9E727D}.Debug|Any CPU.Build.0 = Debug|Any CPU
		{E5CA0C04-0265-4E38-9B55-D088AD9E727D}.Release|Any CPU.ActiveCfg = Release|Any CPU
		{E5CA0C04-0265-4E38-9B55-D088AD9E727D}.Release|Any CPU.Build.0 = Release|Any CPU
	EndGlobalSection
	GlobalSection(SolutionProperties) = preSolution
		HideSolutionNode = FALSE
	EndGlobalSection
	GlobalSection(ExtensibilityGlobals) = postSolution
		SolutionGuid = {0C31764A-91D7-4EBA-A19B-7EB1EEA5E794}
	EndGlobalSection
EndGlobal
